Microsoft Visual Studio Solution File, Format Version 11.00
# Visual Studio 2008

Project("{D1C1BCC8-8527-AD69-065B-55C6E42C4FAA}") = "Proto01", "Assembly-CSharp.csproj", "{FDDB31BF-C807-2350-D055-D206460C8512}"
EndProject
Project("{D1C1BCC8-8527-AD69-065B-55C6E42C4FAA}") = "Proto01", "Assembly-CSharp-Editor.csproj", "{DE64CC82-2CA6-40A3-977E-C89D2D8C2335}"
EndProject
Global
	GlobalSection(SolutionConfigurationPlatforms) = preSolution
		Debug|Any CPU = Debug|Any CPU
		Release|Any CPU = Release|Any CPU
	EndGlobalSection
	GlobalSection(ProjectConfigurationPlatforms) = postSolution
		{FDDB31BF-C807-2350-D055-D206460C8512}.Debug|Any CPU.ActiveCfg = Debug|Any CPU
		{FDDB31BF-C807-2350-D055-D206460C8512}.Debug|Any CPU.Build.0 = Debug|Any CPU
		{FDDB31BF-C807-2350-D055-D206460C8512}.Release|Any CPU.ActiveCfg = Release|Any CPU
		{FDDB31BF-C807-2350-D055-D206460C8512}.Release|Any CPU.Build.0 = Release|Any CPU
		{DE64CC82-2CA6-40A3-977E-C89D2D8C2335}.Debug|Any CPU.ActiveCfg = Debug|Any CPU
		{DE64CC82-2CA6-40A3-977E-C89D2D8C2335}.Debug|Any CPU.Build.0 = Debug|Any CPU
		{DE64CC82-2CA6-40A3-977E-C89D2D8C2335}.Release|Any CPU.ActiveCfg = Release|Any CPU
		{DE64CC82-2CA6-40A3-977E-C89D2D8C2335}.Release|Any CPU.Build.0 = Release|Any CPU
	EndGlobalSection
	GlobalSection(SolutionProperties) = preSolution
		HideSolutionNode = FALSE
	EndGlobalSection
	GlobalSection(MonoDevelopProperties) = preSolution
		StartupItem = Assembly-CSharp.csproj
	EndGlobalSection
EndGlobal
