Microsoft Visual Studio Solution File, Format Version 11.00
# Visual Studio 2008

Project("{1B30646D-B386-FA39-A178-53A426C6DB15}") = "Proto03", "Assembly-CSharp.csproj", "{FADD0561-3662-4D5A-0116-940910A431F1}"
EndProject
Project("{1B30646D-B386-FA39-A178-53A426C6DB15}") = "Proto03", "Assembly-CSharp-Editor.csproj", "{82B5E5BF-432F-BAD3-3069-1C4D7D6FF5CE}"
EndProject
Global
	GlobalSection(SolutionConfigurationPlatforms) = preSolution
		Debug|Any CPU = Debug|Any CPU
		Release|Any CPU = Release|Any CPU
	EndGlobalSection
	GlobalSection(ProjectConfigurationPlatforms) = postSolution
		{FADD0561-3662-4D5A-0116-940910A431F1}.Debug|Any CPU.ActiveCfg = Debug|Any CPU
		{FADD0561-3662-4D5A-0116-940910A431F1}.Debug|Any CPU.Build.0 = Debug|Any CPU
		{FADD0561-3662-4D5A-0116-940910A431F1}.Release|Any CPU.ActiveCfg = Release|Any CPU
		{FADD0561-3662-4D5A-0116-940910A431F1}.Release|Any CPU.Build.0 = Release|Any CPU
		{82B5E5BF-432F-BAD3-3069-1C4D7D6FF5CE}.Debug|Any CPU.ActiveCfg = Debug|Any CPU
		{82B5E5BF-432F-BAD3-3069-1C4D7D6FF5CE}.Debug|Any CPU.Build.0 = Debug|Any CPU
		{82B5E5BF-432F-BAD3-3069-1C4D7D6FF5CE}.Release|Any CPU.ActiveCfg = Release|Any CPU
		{82B5E5BF-432F-BAD3-3069-1C4D7D6FF5CE}.Release|Any CPU.Build.0 = Release|Any CPU
	EndGlobalSection
	GlobalSection(SolutionProperties) = preSolution
		HideSolutionNode = FALSE
	EndGlobalSection
	GlobalSection(MonoDevelopProperties) = preSolution
		StartupItem = Assembly-CSharp.csproj
	EndGlobalSection
EndGlobal
